
Microsoft Visual Studio Solution File, Format Version 12.00
# Visual Studio 15
Project("{FAE04EC0-301F-11D3-BF4B-00C04F79EFBC}") = "Assembly-CSharp", "Assembly-CSharp.csproj", "{77933E28-2E43-F5DD-A9F1-70DA1025F82B}"
EndProject
Project("{FAE04EC0-301F-11D3-BF4B-00C04F79EFBC}") = "Assembly-CSharp-Editor", "Assembly-CSharp-Editor.csproj", "{9BDA77B1-25C7-2171-3F17-F16939569226}"
EndProject
Global
	GlobalSection(SolutionConfigurationPlatforms) = preSolution
		Debug|Any CPU = Debug|Any CPU
		Release|Any CPU = Release|Any CPU
	EndGlobalSection
	GlobalSection(ProjectConfigurationPlatforms) = postSolution
		{77933E28-2E43-F5DD-A9F1-70DA1025F82B}.Debug|Any CPU.ActiveCfg = Debug|Any CPU
		{77933E28-2E43-F5DD-A9F1-70DA1025F82B}.Debug|Any CPU.Build.0 = Debug|Any CPU
		{77933E28-2E43-F5DD-A9F1-70DA1025F82B}.Release|Any CPU.ActiveCfg = Release|Any CPU
		{77933E28-2E43-F5DD-A9F1-70DA1025F82B}.Release|Any CPU.Build.0 = Release|Any CPU
		{9BDA77B1-25C7-2171-3F17-F16939569226}.Debug|Any CPU.ActiveCfg = Debug|Any CPU
		{9BDA77B1-25C7-2171-3F17-F16939569226}.Debug|Any CPU.Build.0 = Debug|Any CPU
		{9BDA77B1-25C7-2171-3F17-F16939569226}.Release|Any CPU.ActiveCfg = Release|Any CPU
		{9BDA77B1-25C7-2171-3F17-F16939569226}.Release|Any CPU.Build.0 = Release|Any CPU
	EndGlobalSection
	GlobalSection(SolutionProperties) = preSolution
		HideSolutionNode = FALSE
	EndGlobalSection
EndGlobal
